
Microsoft Visual Studio Solution File, Format Version 12.00
# Visual Studio 15
VisualStudioVersion = 15.0.28010.2050
MinimumVisualStudioVersion = 10.0.40219.1
Project("{FAE04EC0-301F-11D3-BF4B-00C04F79EFBC}") = "Handin3.2", "Handin3.2\Handin3.2.csproj", "{AB1F1129-FDE4-4DFC-A672-00480EA0639D}"
EndProject
Global
	GlobalSection(SolutionConfigurationPlatforms) = preSolution
		Debug|Any CPU = Debug|Any CPU
		Release|Any CPU = Release|Any CPU
	EndGlobalSection
	GlobalSection(ProjectConfigurationPlatforms) = postSolution
		{AB1F1129-FDE4-4DFC-A672-00480EA0639D}.Debug|Any CPU.ActiveCfg = Debug|Any CPU
		{AB1F1129-FDE4-4DFC-A672-00480EA0639D}.Debug|Any CPU.Build.0 = Debug|Any CPU
		{AB1F1129-FDE4-4DFC-A672-00480EA0639D}.Release|Any CPU.ActiveCfg = Release|Any CPU
		{AB1F1129-FDE4-4DFC-A672-00480EA0639D}.Release|Any CPU.Build.0 = Release|Any CPU
	EndGlobalSection
	GlobalSection(SolutionProperties) = preSolution
		HideSolutionNode = FALSE
	EndGlobalSection
	GlobalSection(ExtensibilityGlobals) = postSolution
		SolutionGuid = {D81982DD-BF95-4097-B76A-D735647215EA}
	EndGlobalSection
EndGlobal
